// !$*UTF8*$!
{
	archiveVersion = 1;
	classes = {
	};
	objectVersion = 50;
	objects = {

/* Begin PBXBuildFile section */
		0715752924BD44AE00FFE7EF /* Pokemon.swift in Sources */ = {isa = PBXBuildFile; fileRef = 0715752824BD44AE00FFE7EF /* Pokemon.swift */; };
		0715753024BD54A800FFE7EF /* RegionServices.swift in Sources */ = {isa = PBXBuildFile; fileRef = 0715752F24BD54A800FFE7EF /* RegionServices.swift */; };
		07163C6624BD30F300B3195A /* AppDelegate.swift in Sources */ = {isa = PBXBuildFile; fileRef = 07163C6524BD30F300B3195A /* AppDelegate.swift */; };
		07163C6824BD30F300B3195A /* SceneDelegate.swift in Sources */ = {isa = PBXBuildFile; fileRef = 07163C6724BD30F300B3195A /* SceneDelegate.swift */; };
		07163C6B24BD30F300B3195A /* Pokemon_Sword_Shield_Nuzlocke.xcdatamodeld in Sources */ = {isa = PBXBuildFile; fileRef = 07163C6924BD30F300B3195A /* Pokemon_Sword_Shield_Nuzlocke.xcdatamodeld */; };
		07163C6D24BD30F300B3195A /* MainContentView.swift in Sources */ = {isa = PBXBuildFile; fileRef = 07163C6C24BD30F300B3195A /* MainContentView.swift */; };
		07163C6F24BD30F600B3195A /* Assets.xcassets in Resources */ = {isa = PBXBuildFile; fileRef = 07163C6E24BD30F600B3195A /* Assets.xcassets */; };
		07163C7224BD30F600B3195A /* Preview Assets.xcassets in Resources */ = {isa = PBXBuildFile; fileRef = 07163C7124BD30F600B3195A /* Preview Assets.xcassets */; };
		07163C7524BD30F600B3195A /* LaunchScreen.storyboard in Resources */ = {isa = PBXBuildFile; fileRef = 07163C7324BD30F600B3195A /* LaunchScreen.storyboard */; };
		07163C7E24BD33F100B3195A /* RegionView.swift in Sources */ = {isa = PBXBuildFile; fileRef = 07163C7D24BD33F000B3195A /* RegionView.swift */; };
		07163C8224BD402200B3195A /* Region.swift in Sources */ = {isa = PBXBuildFile; fileRef = 07163C8124BD402200B3195A /* Region.swift */; };
		07163C8424BD406B00B3195A /* RegionType.swift in Sources */ = {isa = PBXBuildFile; fileRef = 07163C8324BD406B00B3195A /* RegionType.swift */; };
		07C91EF824BDF5C900E821A0 /* PokemonServices.swift in Sources */ = {isa = PBXBuildFile; fileRef = 07C91EF724BDF5C900E821A0 /* PokemonServices.swift */; };
/* End PBXBuildFile section */

/* Begin PBXFileReference section */
		0715752824BD44AE00FFE7EF /* Pokemon.swift */ = {isa = PBXFileReference; lastKnownFileType = sourcecode.swift; path = Pokemon.swift; sourceTree = "<group>"; };
		0715752F24BD54A800FFE7EF /* RegionServices.swift */ = {isa = PBXFileReference; lastKnownFileType = sourcecode.swift; path = RegionServices.swift; sourceTree = "<group>"; };
		07163C6224BD30F300B3195A /* Pokemon Sword/Shield Nuzlocke.app */ = {isa = PBXFileReference; explicitFileType = wrapper.application; includeInIndex = 0; path = "Pokemon Sword/Shield Nuzlocke.app"; sourceTree = BUILT_PRODUCTS_DIR; };
		07163C6524BD30F300B3195A /* AppDelegate.swift */ = {isa = PBXFileReference; lastKnownFileType = sourcecode.swift; path = AppDelegate.swift; sourceTree = "<group>"; };
		07163C6724BD30F300B3195A /* SceneDelegate.swift */ = {isa = PBXFileReference; lastKnownFileType = sourcecode.swift; path = SceneDelegate.swift; sourceTree = "<group>"; };
		07163C6A24BD30F300B3195A /* Pokemon_Sword_Shield_Nuzlocke.xcdatamodel */ = {isa = PBXFileReference; lastKnownFileType = wrapper.xcdatamodel; path = Pokemon_Sword_Shield_Nuzlocke.xcdatamodel; sourceTree = "<group>"; };
		07163C6C24BD30F300B3195A /* MainContentView.swift */ = {isa = PBXFileReference; lastKnownFileType = sourcecode.swift; path = MainContentView.swift; sourceTree = "<group>"; };
		07163C6E24BD30F600B3195A /* Assets.xcassets */ = {isa = PBXFileReference; lastKnownFileType = folder.assetcatalog; path = Assets.xcassets; sourceTree = "<group>"; };
		07163C7124BD30F600B3195A /* Preview Assets.xcassets */ = {isa = PBXFileReference; lastKnownFileType = folder.assetcatalog; path = "Preview Assets.xcassets"; sourceTree = "<group>"; };
		07163C7424BD30F600B3195A /* Base */ = {isa = PBXFileReference; lastKnownFileType = file.storyboard; name = Base; path = Base.lproj/LaunchScreen.storyboard; sourceTree = "<group>"; };
		07163C7624BD30F600B3195A /* Info.plist */ = {isa = PBXFileReference; lastKnownFileType = text.plist.xml; path = Info.plist; sourceTree = "<group>"; };
		07163C7C24BD325E00B3195A /* Pokemon Sword Shield Nuzlocke.entitlements */ = {isa = PBXFileReference; lastKnownFileType = text.plist.entitlements; path = "Pokemon Sword Shield Nuzlocke.entitlements"; sourceTree = "<group>"; };
		07163C7D24BD33F000B3195A /* RegionView.swift */ = {isa = PBXFileReference; lastKnownFileType = sourcecode.swift; path = RegionView.swift; sourceTree = "<group>"; };
		07163C8124BD402200B3195A /* Region.swift */ = {isa = PBXFileReference; lastKnownFileType = sourcecode.swift; path = Region.swift; sourceTree = "<group>"; };
		07163C8324BD406B00B3195A /* RegionType.swift */ = {isa = PBXFileReference; lastKnownFileType = sourcecode.swift; path = RegionType.swift; sourceTree = "<group>"; };
		07C91EF724BDF5C900E821A0 /* PokemonServices.swift */ = {isa = PBXFileReference; lastKnownFileType = sourcecode.swift; path = PokemonServices.swift; sourceTree = "<group>"; };
/* End PBXFileReference section */

/* Begin PBXFrameworksBuildPhase section */
		07163C5F24BD30F300B3195A /* Frameworks */ = {
			isa = PBXFrameworksBuildPhase;
			buildActionMask = 2147483647;
			files = (
			);
			runOnlyForDeploymentPostprocessing = 0;
		};
/* End PBXFrameworksBuildPhase section */

/* Begin PBXGroup section */
		0715752E24BD548900FFE7EF /* Services */ = {
			isa = PBXGroup;
			children = (
				0715752F24BD54A800FFE7EF /* RegionServices.swift */,
				07C91EF724BDF5C900E821A0 /* PokemonServices.swift */,
			);
			path = Services;
			sourceTree = "<group>";
		};
		07163C5924BD30F300B3195A = {
			isa = PBXGroup;
			children = (
				07163C6424BD30F300B3195A /* Pokemon Sword Shield Nuzlocke */,
				07163C6324BD30F300B3195A /* Products */,
			);
			sourceTree = "<group>";
		};
		07163C6324BD30F300B3195A /* Products */ = {
			isa = PBXGroup;
			children = (
				07163C6224BD30F300B3195A /* Pokemon Sword/Shield Nuzlocke.app */,
			);
			name = Products;
			sourceTree = "<group>";
		};
		07163C6424BD30F300B3195A /* Pokemon Sword Shield Nuzlocke */ = {
			isa = PBXGroup;
			children = (
				07163C8024BD401000B3195A /* Model */,
				07163C7F24BD362200B3195A /* Views */,
				0715752E24BD548900FFE7EF /* Services */,
				07163C7C24BD325E00B3195A /* Pokemon Sword Shield Nuzlocke.entitlements */,
				07163C6524BD30F300B3195A /* AppDelegate.swift */,
				07163C6724BD30F300B3195A /* SceneDelegate.swift */,
				07163C6E24BD30F600B3195A /* Assets.xcassets */,
				07163C7324BD30F600B3195A /* LaunchScreen.storyboard */,
				07163C7624BD30F600B3195A /* Info.plist */,
				07163C6924BD30F300B3195A /* Pokemon_Sword_Shield_Nuzlocke.xcdatamodeld */,
				07163C7024BD30F600B3195A /* Preview Content */,
			);
			path = "Pokemon Sword Shield Nuzlocke";
			sourceTree = "<group>";
		};
		07163C7024BD30F600B3195A /* Preview Content */ = {
			isa = PBXGroup;
			children = (
				07163C7124BD30F600B3195A /* Preview Assets.xcassets */,
			);
			path = "Preview Content";
			sourceTree = "<group>";
		};
		07163C7F24BD362200B3195A /* Views */ = {
			isa = PBXGroup;
			children = (
				07163C6C24BD30F300B3195A /* MainContentView.swift */,
				07163C7D24BD33F000B3195A /* RegionView.swift */,
			);
			path = Views;
			sourceTree = "<group>";
		};
		07163C8024BD401000B3195A /* Model */ = {
			isa = PBXGroup;
			children = (
				07163C8124BD402200B3195A /* Region.swift */,
				07163C8324BD406B00B3195A /* RegionType.swift */,
				0715752824BD44AE00FFE7EF /* Pokemon.swift */,
			);
			path = Model;
			sourceTree = "<group>";
		};
/* End PBXGroup section */

/* Begin PBXNativeTarget section */
		07163C6124BD30F300B3195A /* Pokemon Sword Shield Nuzlocke */ = {
			isa = PBXNativeTarget;
			buildConfigurationList = 07163C7924BD30F600B3195A /* Build configuration list for PBXNativeTarget "Pokemon Sword Shield Nuzlocke" */;
			buildPhases = (
				07163C5E24BD30F300B3195A /* Sources */,
				07163C5F24BD30F300B3195A /* Frameworks */,
				07163C6024BD30F300B3195A /* Resources */,
			);
			buildRules = (
			);
			dependencies = (
			);
			name = "Pokemon Sword Shield Nuzlocke";
			productName = "Pokemon Sword Shield Nuzlocke";
			productReference = 07163C6224BD30F300B3195A /* Pokemon Sword/Shield Nuzlocke.app */;
			productType = "com.apple.product-type.application";
		};
/* End PBXNativeTarget section */

/* Begin PBXProject section */
		07163C5A24BD30F300B3195A /* Project object */ = {
			isa = PBXProject;
			attributes = {
				LastSwiftUpdateCheck = 1150;
				LastUpgradeCheck = 1150;
				ORGANIZATIONNAME = "Gustavo Vilas Boas";
				TargetAttributes = {
					07163C6124BD30F300B3195A = {
						CreatedOnToolsVersion = 11.5;
					};
				};
			};
			buildConfigurationList = 07163C5D24BD30F300B3195A /* Build configuration list for PBXProject "Pokemon Sword Shield Nuzlocke" */;
			compatibilityVersion = "Xcode 9.3";
			developmentRegion = en;
			hasScannedForEncodings = 0;
			knownRegions = (
				en,
				Base,
			);
			mainGroup = 07163C5924BD30F300B3195A;
			productRefGroup = 07163C6324BD30F300B3195A /* Products */;
			projectDirPath = "";
			projectRoot = "";
			targets = (
				07163C6124BD30F300B3195A /* Pokemon Sword Shield Nuzlocke */,
			);
		};
/* End PBXProject section */

/* Begin PBXResourcesBuildPhase section */
		07163C6024BD30F300B3195A /* Resources */ = {
			isa = PBXResourcesBuildPhase;
			buildActionMask = 2147483647;
			files = (
				07163C7524BD30F600B3195A /* LaunchScreen.storyboard in Resources */,
				07163C7224BD30F600B3195A /* Preview Assets.xcassets in Resources */,
				07163C6F24BD30F600B3195A /* Assets.xcassets in Resources */,
			);
			runOnlyForDeploymentPostprocessing = 0;
		};
/* End PBXResourcesBuildPhase section */

/* Begin PBXSourcesBuildPhase section */
		07163C5E24BD30F300B3195A /* Sources */ = {
			isa = PBXSourcesBuildPhase;
			buildActionMask = 2147483647;
			files = (
				07163C6624BD30F300B3195A /* AppDelegate.swift in Sources */,
				0715752924BD44AE00FFE7EF /* Pokemon.swift in Sources */,
				07163C6824BD30F300B3195A /* SceneDelegate.swift in Sources */,
				0715753024BD54A800FFE7EF /* RegionServices.swift in Sources */,
				07163C7E24BD33F100B3195A /* RegionView.swift in Sources */,
				07163C8424BD406B00B3195A /* RegionType.swift in Sources */,
				07163C8224BD402200B3195A /* Region.swift in Sources */,
				07C91EF824BDF5C900E821A0 /* PokemonServices.swift in Sources */,
				07163C6D24BD30F300B3195A /* MainContentView.swift in Sources */,
				07163C6B24BD30F300B3195A /* Pokemon_Sword_Shield_Nuzlocke.xcdatamodeld in Sources */,
			);
			runOnlyForDeploymentPostprocessing = 0;
		};
/* End PBXSourcesBuildPhase section */

/* Begin PBXVariantGroup section */
		07163C7324BD30F600B3195A /* LaunchScreen.storyboard */ = {
			isa = PBXVariantGroup;
			children = (
				07163C7424BD30F600B3195A /* Base */,
			);
			name = LaunchScreen.storyboard;
			sourceTree = "<group>";
		};
/* End PBXVariantGroup section */

/* Begin XCBuildConfiguration section */
		07163C7724BD30F600B3195A /* Debug */ = {
			isa = XCBuildConfiguration;
			buildSettings = {
				ALWAYS_SEARCH_USER_PATHS = NO;
				CLANG_ANALYZER_NONNULL = YES;
				CLANG_ANALYZER_NUMBER_OBJECT_CONVERSION = YES_AGGRESSIVE;
				CLANG_CXX_LANGUAGE_STANDARD = "gnu++14";
				CLANG_CXX_LIBRARY = "libc++";
				CLANG_ENABLE_MODULES = YES;
				CLANG_ENABLE_OBJC_ARC = YES;
				CLANG_ENABLE_OBJC_WEAK = YES;
				CLANG_WARN_BLOCK_CAPTURE_AUTORELEASING = YES;
				CLANG_WARN_BOOL_CONVERSION = YES;
				CLANG_WARN_COMMA = YES;
				CLANG_WARN_CONSTANT_CONVERSION = YES;
				CLANG_WARN_DEPRECATED_OBJC_IMPLEMENTATIONS = YES;
				CLANG_WARN_DIRECT_OBJC_ISA_USAGE = YES_ERROR;
				CLANG_WARN_DOCUMENTATION_COMMENTS = YES;
				CLANG_WARN_EMPTY_BODY = YES;
				CLANG_WARN_ENUM_CONVERSION = YES;
				CLANG_WARN_INFINITE_RECURSION = YES;
				CLANG_WARN_INT_CONVERSION = YES;
				CLANG_WARN_NON_LITERAL_NULL_CONVERSION = YES;
				CLANG_WARN_OBJC_IMPLICIT_RETAIN_SELF = YES;
				CLANG_WARN_OBJC_LITERAL_CONVERSION = YES;
				CLANG_WARN_OBJC_ROOT_CLASS = YES_ERROR;
				CLANG_WARN_RANGE_LOOP_ANALYSIS = YES;
				CLANG_WARN_STRICT_PROTOTYPES = YES;
				CLANG_WARN_SUSPICIOUS_MOVE = YES;
				CLANG_WARN_UNGUARDED_AVAILABILITY = YES_AGGRESSIVE;
				CLANG_WARN_UNREACHABLE_CODE = YES;
				CLANG_WARN__DUPLICATE_METHOD_MATCH = YES;
				COPY_PHASE_STRIP = NO;
				DEBUG_INFORMATION_FORMAT = dwarf;
				ENABLE_STRICT_OBJC_MSGSEND = YES;
				ENABLE_TESTABILITY = YES;
				GCC_C_LANGUAGE_STANDARD = gnu11;
				GCC_DYNAMIC_NO_PIC = NO;
				GCC_NO_COMMON_BLOCKS = YES;
				GCC_OPTIMIZATION_LEVEL = 0;
				GCC_PREPROCESSOR_DEFINITIONS = (
					"DEBUG=1",
					"$(inherited)",
				);
				GCC_WARN_64_TO_32_BIT_CONVERSION = YES;
				GCC_WARN_ABOUT_RETURN_TYPE = YES_ERROR;
				GCC_WARN_UNDECLARED_SELECTOR = YES;
				GCC_WARN_UNINITIALIZED_AUTOS = YES_AGGRESSIVE;
				GCC_WARN_UNUSED_FUNCTION = YES;
				GCC_WARN_UNUSED_VARIABLE = YES;
				IPHONEOS_DEPLOYMENT_TARGET = 13.5;
				MTL_ENABLE_DEBUG_INFO = INCLUDE_SOURCE;
				MTL_FAST_MATH = YES;
				ONLY_ACTIVE_ARCH = YES;
				SDKROOT = iphoneos;
				SWIFT_ACTIVE_COMPILATION_CONDITIONS = DEBUG;
				SWIFT_OPTIMIZATION_LEVEL = "-Onone";
			};
			name = Debug;
		};
		07163C7824BD30F600B3195A /* Release */ = {
			isa = XCBuildConfiguration;
			buildSettings = {
				ALWAYS_SEARCH_USER_PATHS = NO;
				CLANG_ANALYZER_NONNULL = YES;
				CLANG_ANALYZER_NUMBER_OBJECT_CONVERSION = YES_AGGRESSIVE;
				CLANG_CXX_LANGUAGE_STANDARD = "gnu++14";
				CLANG_CXX_LIBRARY = "libc++";
				CLANG_ENABLE_MODULES = YES;
				CLANG_ENABLE_OBJC_ARC = YES;
				CLANG_ENABLE_OBJC_WEAK = YES;
				CLANG_WARN_BLOCK_CAPTURE_AUTORELEASING = YES;
				CLANG_WARN_BOOL_CONVERSION = YES;
				CLANG_WARN_COMMA = YES;
				CLANG_WARN_CONSTANT_CONVERSION = YES;
				CLANG_WARN_DEPRECATED_OBJC_IMPLEMENTATIONS = YES;
				CLANG_WARN_DIRECT_OBJC_ISA_USAGE = YES_ERROR;
				CLANG_WARN_DOCUMENTATION_COMMENTS = YES;
				CLANG_WARN_EMPTY_BODY = YES;
				CLANG_WARN_ENUM_CONVERSION = YES;
				CLANG_WARN_INFINITE_RECURSION = YES;
				CLANG_WARN_INT_CONVERSION = YES;
				CLANG_WARN_NON_LITERAL_NULL_CONVERSION = YES;
				CLANG_WARN_OBJC_IMPLICIT_RETAIN_SELF = YES;
				CLANG_WARN_OBJC_LITERAL_CONVERSION = YES;
				CLANG_WARN_OBJC_ROOT_CLASS = YES_ERROR;
				CLANG_WARN_RANGE_LOOP_ANALYSIS = YES;
				CLANG_WARN_STRICT_PROTOTYPES = YES;
				CLANG_WARN_SUSPICIOUS_MOVE = YES;
				CLANG_WARN_UNGUARDED_AVAILABILITY = YES_AGGRESSIVE;
				CLANG_WARN_UNREACHABLE_CODE = YES;
				CLANG_WARN__DUPLICATE_METHOD_MATCH = YES;
				COPY_PHASE_STRIP = NO;
				DEBUG_INFORMATION_FORMAT = "dwarf-with-dsym";
				ENABLE_NS_ASSERTIONS = NO;
				ENABLE_STRICT_OBJC_MSGSEND = YES;
				GCC_C_LANGUAGE_STANDARD = gnu11;
				GCC_NO_COMMON_BLOCKS = YES;
				GCC_WARN_64_TO_32_BIT_CONVERSION = YES;
				GCC_WARN_ABOUT_RETURN_TYPE = YES_ERROR;
				GCC_WARN_UNDECLARED_SELECTOR = YES;
				GCC_WARN_UNINITIALIZED_AUTOS = YES_AGGRESSIVE;
				GCC_WARN_UNUSED_FUNCTION = YES;
				GCC_WARN_UNUSED_VARIABLE = YES;
				IPHONEOS_DEPLOYMENT_TARGET = 13.5;
				MTL_ENABLE_DEBUG_INFO = NO;
				MTL_FAST_MATH = YES;
				SDKROOT = iphoneos;
				SWIFT_COMPILATION_MODE = wholemodule;
				SWIFT_OPTIMIZATION_LEVEL = "-O";
				VALIDATE_PRODUCT = YES;
			};
			name = Release;
		};
		07163C7A24BD30F600B3195A /* Debug */ = {
			isa = XCBuildConfiguration;
			buildSettings = {
				ASSETCATALOG_COMPILER_APPICON_NAME = AppIcon;
				CODE_SIGN_ENTITLEMENTS = "Pokemon Sword Shield Nuzlocke/Pokemon Sword Shield Nuzlocke.entitlements";
				CODE_SIGN_STYLE = Automatic;
				DEVELOPMENT_ASSET_PATHS = "\"Pokemon Sword Shield Nuzlocke/Preview Content\"";
				DEVELOPMENT_TEAM = QYGYSPJFH9;
				ENABLE_PREVIEWS = YES;
				INFOPLIST_FILE = "Pokemon Sword Shield Nuzlocke/Info.plist";
				IPHONEOS_DEPLOYMENT_TARGET = 13.1;
				LD_RUNPATH_SEARCH_PATHS = (
					"$(inherited)",
					"@executable_path/Frameworks",
				);
				PRODUCT_BUNDLE_IDENTIFIER = "gustavovbs98.Pokemon-Sword-Shield-Nuzlocke";
				PRODUCT_NAME = "Pokemon Sword/Shield Nuzlocke";
				SUPPORTS_MACCATALYST = YES;
				SWIFT_VERSION = 5.0;
				TARGETED_DEVICE_FAMILY = "1,2";
			};
			name = Debug;
		};
		07163C7B24BD30F600B3195A /* Release */ = {
			isa = XCBuildConfiguration;
			buildSettings = {
				ASSETCATALOG_COMPILER_APPICON_NAME = AppIcon;
				CODE_SIGN_ENTITLEMENTS = "Pokemon Sword Shield Nuzlocke/Pokemon Sword Shield Nuzlocke.entitlements";
				CODE_SIGN_STYLE = Automatic;
				DEVELOPMENT_ASSET_PATHS = "\"Pokemon Sword Shield Nuzlocke/Preview Content\"";
				DEVELOPMENT_TEAM = QYGYSPJFH9;
				ENABLE_PREVIEWS = YES;
				INFOPLIST_FILE = "Pokemon Sword Shield Nuzlocke/Info.plist";
				IPHONEOS_DEPLOYMENT_TARGET = 13.1;
				LD_RUNPATH_SEARCH_PATHS = (
					"$(inherited)",
					"@executable_path/Frameworks",
				);
				PRODUCT_BUNDLE_IDENTIFIER = "gustavovbs98.Pokemon-Sword-Shield-Nuzlocke";
				PRODUCT_NAME = "Pokemon Sword/Shield Nuzlocke";
				SUPPORTS_MACCATALYST = YES;
				SWIFT_VERSION = 5.0;
				TARGETED_DEVICE_FAMILY = "1,2";
			};
			name = Release;
		};
/* End XCBuildConfiguration section */

/* Begin XCConfigurationList section */
		07163C5D24BD30F300B3195A /* Build configuration list for PBXProject "Pokemon Sword Shield Nuzlocke" */ = {
			isa = XCConfigurationList;
			buildConfigurations = (
				07163C7724BD30F600B3195A /* Debug */,
				07163C7824BD30F600B3195A /* Release */,
			);
			defaultConfigurationIsVisible = 0;
			defaultConfigurationName = Release;
		};
		07163C7924BD30F600B3195A /* Build configuration list for PBXNativeTarget "Pokemon Sword Shield Nuzlocke" */ = {
			isa = XCConfigurationList;
			buildConfigurations = (
				07163C7A24BD30F600B3195A /* Debug */,
				07163C7B24BD30F600B3195A /* Release */,
			);
			defaultConfigurationIsVisible = 0;
			defaultConfigurationName = Release;
		};
/* End XCConfigurationList section */

/* Begin XCVersionGroup section */
		07163C6924BD30F300B3195A /* Pokemon_Sword_Shield_Nuzlocke.xcdatamodeld */ = {
			isa = XCVersionGroup;
			children = (
				07163C6A24BD30F300B3195A /* Pokemon_Sword_Shield_Nuzlocke.xcdatamodel */,
			);
			currentVersion = 07163C6A24BD30F300B3195A /* Pokemon_Sword_Shield_Nuzlocke.xcdatamodel */;
			path = Pokemon_Sword_Shield_Nuzlocke.xcdatamodeld;
			sourceTree = "<group>";
			versionGroupType = wrapper.xcdatamodel;
		};
/* End XCVersionGroup section */
	};
	rootObject = 07163C5A24BD30F300B3195A /* Project object */;
}
